
Microsoft Visual Studio Solution File, Format Version 12.00
# Visual Studio Version 17
VisualStudioVersion = 17.0.31903.59
MinimumVisualStudioVersion = 10.0.40219.1
Project("{8BC9CEB8-8B4A-11D0-8D11-00A0C91BC942}") = "InsertionSort", "InsertionSort\InsertionSort.vcxproj", "{CD6543AF-A644-4C98-9B31-A7C536FD3B7A}"
EndProject
Project("{8BC9CEB8-8B4A-11D0-8D11-00A0C91BC942}") = "LinearSearch", "LinearSearch\LinearSearch.vcxproj", "{609F30E8-DCAD-4244-AC0E-B6A5B7A75CAA}"
EndProject
Project("{8BC9CEB8-8B4A-11D0-8D11-00A0C91BC942}") = "BubbleSort", "BubbleSort\BubbleSort.vcxproj", "{8B479E17-30BB-4089-9D07-3D529AF9669E}"
EndProject
Project("{8BC9CEB8-8B4A-11D0-8D11-00A0C91BC942}") = "SelectionSort", "SelectionSort\SelectionSort.vcxproj", "{3E7079AF-AD26-45DE-ACC2-009E4CA43B66}"
EndProject
Global
	GlobalSection(SolutionConfigurationPlatforms) = preSolution
		Debug|x64 = Debug|x64
		Debug|x86 = Debug|x86
		Release|x64 = Release|x64
		Release|x86 = Release|x86
	EndGlobalSection
	GlobalSection(ProjectConfigurationPlatforms) = postSolution
		{CD6543AF-A644-4C98-9B31-A7C536FD3B7A}.Debug|x64.ActiveCfg = Debug|x64
		{CD6543AF-A644-4C98-9B31-A7C536FD3B7A}.Debug|x64.Build.0 = Debug|x64
		{CD6543AF-A644-4C98-9B31-A7C536FD3B7A}.Debug|x86.ActiveCfg = Debug|Win32
		{CD6543AF-A644-4C98-9B31-A7C536FD3B7A}.Debug|x86.Build.0 = Debug|Win32
		{CD6543AF-A644-4C98-9B31-A7C536FD3B7A}.Release|x64.ActiveCfg = Release|x64
		{CD6543AF-A644-4C98-9B31-A7C536FD3B7A}.Release|x64.Build.0 = Release|x64
		{CD6543AF-A644-4C98-9B31-A7C536FD3B7A}.Release|x86.ActiveCfg = Release|Win32
		{CD6543AF-A644-4C98-9B31-A7C536FD3B7A}.Release|x86.Build.0 = Release|Win32
		{609F30E8-DCAD-4244-AC0E-B6A5B7A75CAA}.Debug|x64.ActiveCfg = Debug|x64
		{609F30E8-DCAD-4244-AC0E-B6A5B7A75CAA}.Debug|x64.Build.0 = Debug|x64
		{609F30E8-DCAD-4244-AC0E-B6A5B7A75CAA}.Debug|x86.ActiveCfg = Debug|Win32
		{609F30E8-DCAD-4244-AC0E-B6A5B7A75CAA}.Debug|x86.Build.0 = Debug|Win32
		{609F30E8-DCAD-4244-AC0E-B6A5B7A75CAA}.Release|x64.ActiveCfg = Release|x64
		{609F30E8-DCAD-4244-AC0E-B6A5B7A75CAA}.Release|x64.Build.0 = Release|x64
		{609F30E8-DCAD-4244-AC0E-B6A5B7A75CAA}.Release|x86.ActiveCfg = Release|Win32
		{609F30E8-DCAD-4244-AC0E-B6A5B7A75CAA}.Release|x86.Build.0 = Release|Win32
		{8B479E17-30BB-4089-9D07-3D529AF9669E}.Debug|x64.ActiveCfg = Debug|x64
		{8B479E17-30BB-4089-9D07-3D529AF9669E}.Debug|x64.Build.0 = Debug|x64
		{8B479E17-30BB-4089-9D07-3D529AF9669E}.Debug|x86.ActiveCfg = Debug|Win32
		{8B479E17-30BB-4089-9D07-3D529AF9669E}.Debug|x86.Build.0 = Debug|Win32
		{8B479E17-30BB-4089-9D07-3D529AF9669E}.Release|x64.ActiveCfg = Release|x64
		{8B479E17-30BB-4089-9D07-3D529AF9669E}.Release|x64.Build.0 = Release|x64
		{8B479E17-30BB-4089-9D07-3D529AF9669E}.Release|x86.ActiveCfg = Release|Win32
		{8B479E17-30BB-4089-9D07-3D529AF9669E}.Release|x86.Build.0 = Release|Win32
		{3E7079AF-AD26-45DE-ACC2-009E4CA43B66}.Debug|x64.ActiveCfg = Debug|x64
		{3E7079AF-AD26-45DE-ACC2-009E4CA43B66}.Debug|x64.Build.0 = Debug|x64
		{3E7079AF-AD26-45DE-ACC2-009E4CA43B66}.Debug|x86.ActiveCfg = Debug|Win32
		{3E7079AF-AD26-45DE-ACC2-009E4CA43B66}.Debug|x86.Build.0 = Debug|Win32
		{3E7079AF-AD26-45DE-ACC2-009E4CA43B66}.Release|x64.ActiveCfg = Release|x64
		{3E7079AF-AD26-45DE-ACC2-009E4CA43B66}.Release|x64.Build.0 = Release|x64
		{3E7079AF-AD26-45DE-ACC2-009E4CA43B66}.Release|x86.ActiveCfg = Release|Win32
		{3E7079AF-AD26-45DE-ACC2-009E4CA43B66}.Release|x86.Build.0 = Release|Win32
	EndGlobalSection
	GlobalSection(SolutionProperties) = preSolution
		HideSolutionNode = FALSE
	EndGlobalSection
	GlobalSection(ExtensibilityGlobals) = postSolution
		SolutionGuid = {3CC1DC11-57A9-4526-A606-A379FE6B638E}
	EndGlobalSection
EndGlobal
